github.com/fdldestriana/go-say-hello v1.0.0 h1:yK3z2t0UdfKo/VkGupyH+i0AcYgRAgcnPRNDGz3QZvA=
github.com/fdldestriana/go-say-hello v1.0.0/go.mod h1:mzFcpiP0UetjLdFab2V72PbNSd5uF+2VB3pxk0ed0UY=
github.com/fdldestriana/go-say-hello v1.5.0 h1:tKBwwu2HbEY6yDwfjjvu1yEaVzwwPMW55nMjpTDra/g=
github.com/fdldestriana/go-say-hello v1.5.0/go.mod h1:mzFcpiP0UetjLdFab2V72PbNSd5uF+2VB3pxk0ed0UY=
